
Microsoft Visual Studio Solution File, Format Version 12.00
# Visual Studio Version 17
VisualStudioVersion = 17.3.32922.545
MinimumVisualStudioVersion = 10.0.40219.1
Project("{9A19103F-16F7-4668-BE54-9A1E7A4F7556}") = "FakeUserDataGenerator", "FakeUserDataGenerator\FakeUserDataGenerator.csproj", "{7A16EF50-0FB1-4A71-91EC-00CC3149187E}"
EndProject
Project("{FAE04EC0-301F-11D3-BF4B-00C04F79EFBC}") = "DataGenerator", "DataGenerator\DataGenerator.csproj", "{841BD859-29D7-4716-A950-CAC23E2454EF}"
EndProject
Global
	GlobalSection(SolutionConfigurationPlatforms) = preSolution
		Debug|Any CPU = Debug|Any CPU
		Release|Any CPU = Release|Any CPU
	EndGlobalSection
	GlobalSection(ProjectConfigurationPlatforms) = postSolution
		{7A16EF50-0FB1-4A71-91EC-00CC3149187E}.Debug|Any CPU.ActiveCfg = Debug|Any CPU
		{7A16EF50-0FB1-4A71-91EC-00CC3149187E}.Debug|Any CPU.Build.0 = Debug|Any CPU
		{7A16EF50-0FB1-4A71-91EC-00CC3149187E}.Release|Any CPU.ActiveCfg = Release|Any CPU
		{7A16EF50-0FB1-4A71-91EC-00CC3149187E}.Release|Any CPU.Build.0 = Release|Any CPU
		{841BD859-29D7-4716-A950-CAC23E2454EF}.Debug|Any CPU.ActiveCfg = Debug|Any CPU
		{841BD859-29D7-4716-A950-CAC23E2454EF}.Debug|Any CPU.Build.0 = Debug|Any CPU
		{841BD859-29D7-4716-A950-CAC23E2454EF}.Release|Any CPU.ActiveCfg = Release|Any CPU
		{841BD859-29D7-4716-A950-CAC23E2454EF}.Release|Any CPU.Build.0 = Release|Any CPU
	EndGlobalSection
	GlobalSection(SolutionProperties) = preSolution
		HideSolutionNode = FALSE
	EndGlobalSection
	GlobalSection(ExtensibilityGlobals) = postSolution
		SolutionGuid = {073B7352-4E69-4D90-8268-63FAC663228C}
	EndGlobalSection
EndGlobal
